Microsoft Visual Studio Solution File, Format Version 12.00
# Visual Studio Version 17
VisualStudioVersion = 17.5.2.0
MinimumVisualStudioVersion = 10.0.40219.1
Project("{FAE04EC0-301F-11D3-BF4B-00C04F79EFBC}") = "AiGateway", "AiGateway\AiGateway.csproj", "{5F65E497-AA5B-2D96-831C-0F98E63B6EEC}"
EndProject
Global
	GlobalSection(SolutionConfigurationPlatforms) = preSolution
		Debug|Any CPU = Debug|Any CPU
		Release|Any CPU = Release|Any CPU
	EndGlobalSection
	GlobalSection(ProjectConfigurationPlatforms) = postSolution
		{5F65E497-AA5B-2D96-831C-0F98E63B6EEC}.Debug|Any CPU.ActiveCfg = Debug|Any CPU
		{5F65E497-AA5B-2D96-831C-0F98E63B6EEC}.Debug|Any CPU.Build.0 = Debug|Any CPU
		{5F65E497-AA5B-2D96-831C-0F98E63B6EEC}.Release|Any CPU.ActiveCfg = Release|Any CPU
		{5F65E497-AA5B-2D96-831C-0F98E63B6EEC}.Release|Any CPU.Build.0 = Release|Any CPU
	EndGlobalSection
	GlobalSection(SolutionProperties) = preSolution
		HideSolutionNode = FALSE
	EndGlobalSection
	GlobalSection(ExtensibilityGlobals) = postSolution
		SolutionGuid = {21C1770F-EEE5-479B-8E52-FD4C4492B7CA}
	EndGlobalSection
EndGlobal
